
Microsoft Visual Studio Solution File, Format Version 12.00
# Visual Studio Version 16
VisualStudioVersion = 16.0.30114.105
MinimumVisualStudioVersion = 10.0.40219.1
Project("{FAE04EC0-301F-11D3-BF4B-00C04F79EFBC}") = "API", "API\API.csproj", "{1108CC1B-7158-4CD9-B92A-26696E6A68CE}"
EndProject
Global
	GlobalSection(SolutionConfigurationPlatforms) = preSolution
		Debug|Any CPU = Debug|Any CPU
		Release|Any CPU = Release|Any CPU
	EndGlobalSection
	GlobalSection(SolutionProperties) = preSolution
		HideSolutionNode = FALSE
	EndGlobalSection
	GlobalSection(ProjectConfigurationPlatforms) = postSolution
		{1108CC1B-7158-4CD9-B92A-26696E6A68CE}.Debug|Any CPU.ActiveCfg = Debug|Any CPU
		{1108CC1B-7158-4CD9-B92A-26696E6A68CE}.Debug|Any CPU.Build.0 = Debug|Any CPU
		{1108CC1B-7158-4CD9-B92A-26696E6A68CE}.Release|Any CPU.ActiveCfg = Release|Any CPU
		{1108CC1B-7158-4CD9-B92A-26696E6A68CE}.Release|Any CPU.Build.0 = Release|Any CPU
	EndGlobalSection
EndGlobal
